
Microsoft Visual Studio Solution File, Format Version 12.00
# Visual Studio Version 17
VisualStudioVersion = 17.7.34221.43
MinimumVisualStudioVersion = 10.0.40219.1
Project("{8BC9CEB8-8B4A-11D0-8D11-00A0C91BC942}") = "Project-COAL", "Project-COAL.vcxproj", "{1D6337AB-2ADE-43C4-A79F-D5225A2822FB}"
EndProject
Global
	GlobalSection(SolutionConfigurationPlatforms) = preSolution
		Debug|x64 = Debug|x64
		Debug|x86 = Debug|x86
		Release|x64 = Release|x64
		Release|x86 = Release|x86
	EndGlobalSection
	GlobalSection(ProjectConfigurationPlatforms) = postSolution
		{1D6337AB-2ADE-43C4-A79F-D5225A2822FB}.Debug|x64.ActiveCfg = Debug|x64
		{1D6337AB-2ADE-43C4-A79F-D5225A2822FB}.Debug|x64.Build.0 = Debug|x64
		{1D6337AB-2ADE-43C4-A79F-D5225A2822FB}.Debug|x86.ActiveCfg = Debug|Win32
		{1D6337AB-2ADE-43C4-A79F-D5225A2822FB}.Debug|x86.Build.0 = Debug|Win32
		{1D6337AB-2ADE-43C4-A79F-D5225A2822FB}.Release|x64.ActiveCfg = Release|x64
		{1D6337AB-2ADE-43C4-A79F-D5225A2822FB}.Release|x64.Build.0 = Release|x64
		{1D6337AB-2ADE-43C4-A79F-D5225A2822FB}.Release|x86.ActiveCfg = Release|Win32
		{1D6337AB-2ADE-43C4-A79F-D5225A2822FB}.Release|x86.Build.0 = Release|Win32
	EndGlobalSection
	GlobalSection(SolutionProperties) = preSolution
		HideSolutionNode = FALSE
	EndGlobalSection
	GlobalSection(ExtensibilityGlobals) = postSolution
		SolutionGuid = {4EB81102-9E72-4D09-9D29-2E635F49F307}
	EndGlobalSection
EndGlobal
